
Microsoft Visual Studio Solution File, Format Version 12.00
# Visual Studio Version 16
VisualStudioVersion = 16.0.31605.320
MinimumVisualStudioVersion = 10.0.40219.1
Project("{FAE04EC0-301F-11D3-BF4B-00C04F79EFBC}") = "LiquerStore", "LiquerStore.csproj", "{FA7C7E7B-73D2-401E-B964-F827B681A631}"
EndProject
Global
	GlobalSection(SolutionConfigurationPlatforms) = preSolution
		Debug|Any CPU = Debug|Any CPU
		Release|Any CPU = Release|Any CPU
	EndGlobalSection
	GlobalSection(ProjectConfigurationPlatforms) = postSolution
		{FA7C7E7B-73D2-401E-B964-F827B681A631}.Debug|Any CPU.ActiveCfg = Debug|Any CPU
		{FA7C7E7B-73D2-401E-B964-F827B681A631}.Debug|Any CPU.Build.0 = Debug|Any CPU
		{FA7C7E7B-73D2-401E-B964-F827B681A631}.Release|Any CPU.ActiveCfg = Release|Any CPU
		{FA7C7E7B-73D2-401E-B964-F827B681A631}.Release|Any CPU.Build.0 = Release|Any CPU
	EndGlobalSection
	GlobalSection(SolutionProperties) = preSolution
		HideSolutionNode = FALSE
	EndGlobalSection
	GlobalSection(ExtensibilityGlobals) = postSolution
		SolutionGuid = {97063CEE-09B5-48A7-8EE9-06AB89E1860A}
	EndGlobalSection
EndGlobal
